// !$*UTF8*$!
{
	archiveVersion = 1;
	classes = {
	};
	objectVersion = 46;
	objects = {

/* Begin PBXBuildFile section */
		E27CAF591D7DF5DC00060697 /* AppDelegate.swift in Sources */ = {isa = PBXBuildFile; fileRef = E27CAF581D7DF5DC00060697 /* AppDelegate.swift */; };
		E27CAF5B1D7DF5DC00060697 /* ViewController.swift in Sources */ = {isa = PBXBuildFile; fileRef = E27CAF5A1D7DF5DC00060697 /* ViewController.swift */; };
		E27CAF5E1D7DF5DC00060697 /* Main.storyboard in Resources */ = {isa = PBXBuildFile; fileRef = E27CAF5C1D7DF5DC00060697 /* Main.storyboard */; };
		E27CAF601D7DF5DC00060697 /* Assets.xcassets in Resources */ = {isa = PBXBuildFile; fileRef = E27CAF5F1D7DF5DC00060697 /* Assets.xcassets */; };
		E27CAF631D7DF5DC00060697 /* LaunchScreen.storyboard in Resources */ = {isa = PBXBuildFile; fileRef = E27CAF611D7DF5DC00060697 /* LaunchScreen.storyboard */; };
		E27CAF6E1D7DF5DC00060697 /* MailboxTests.swift in Sources */ = {isa = PBXBuildFile; fileRef = E27CAF6D1D7DF5DC00060697 /* MailboxTests.swift */; };
		E27CAF791D7DF5DC00060697 /* MailboxUITests.swift in Sources */ = {isa = PBXBuildFile; fileRef = E27CAF781D7DF5DC00060697 /* MailboxUITests.swift */; };
		E2EE3E1A1D7E0C4B00247C44 /* Common.swift in Sources */ = {isa = PBXBuildFile; fileRef = E2EE3E191D7E0C4B00247C44 /* Common.swift */; };
		E2EE3E1C1D7E583E00247C44 /* RescheduleViewController.swift in Sources */ = {isa = PBXBuildFile; fileRef = E2EE3E1B1D7E583E00247C44 /* RescheduleViewController.swift */; };
		E2EE3E1E1D7E5C6B00247C44 /* LaterViewController.swift in Sources */ = {isa = PBXBuildFile; fileRef = E2EE3E1D1D7E5C6B00247C44 /* LaterViewController.swift */; };
/* End PBXBuildFile section */

/* Begin PBXContainerItemProxy section */
		E27CAF6A1D7DF5DC00060697 /* PBXContainerItemProxy */ = {
			isa = PBXContainerItemProxy;
			containerPortal = E27CAF4D1D7DF5DC00060697 /* Project object */;
			proxyType = 1;
			remoteGlobalIDString = E27CAF541D7DF5DC00060697;
			remoteInfo = Mailbox;
		};
		E27CAF751D7DF5DC00060697 /* PBXContainerItemProxy */ = {
			isa = PBXContainerItemProxy;
			containerPortal = E27CAF4D1D7DF5DC00060697 /* Project object */;
			proxyType = 1;
			remoteGlobalIDString = E27CAF541D7DF5DC00060697;
			remoteInfo = Mailbox;
		};
/* End PBXContainerItemProxy section */

/* Begin PBXFileReference section */
		E27CAF551D7DF5DC00060697 /* Mailbox.app */ = {isa = PBXFileReference; explicitFileType = wrapper.application; includeInIndex = 0; path = Mailbox.app; sourceTree = BUILT_PRODUCTS_DIR; };
		E27CAF581D7DF5DC00060697 /* AppDelegate.swift */ = {isa = PBXFileReference; lastKnownFileType = sourcecode.swift; path = AppDelegate.swift; sourceTree = "<group>"; };
		E27CAF5A1D7DF5DC00060697 /* ViewController.swift */ = {isa = PBXFileReference; lastKnownFileType = sourcecode.swift; path = ViewController.swift; sourceTree = "<group>"; };
		E27CAF5D1D7DF5DC00060697 /* Base */ = {isa = PBXFileReference; lastKnownFileType = file.storyboard; name = Base; path = Base.lproj/Main.storyboard; sourceTree = "<group>"; };
		E27CAF5F1D7DF5DC00060697 /* Assets.xcassets */ = {isa = PBXFileReference; lastKnownFileType = folder.assetcatalog; path = Assets.xcassets; sourceTree = "<group>"; };
		E27CAF621D7DF5DC00060697 /* Base */ = {isa = PBXFileReference; lastKnownFileType = file.storyboard; name = Base; path = Base.lproj/LaunchScreen.storyboard; sourceTree = "<group>"; };
		E27CAF641D7DF5DC00060697 /* Info.plist */ = {isa = PBXFileReference; lastKnownFileType = text.plist.xml; path = Info.plist; sourceTree = "<group>"; };
		E27CAF691D7DF5DC00060697 /* MailboxTests.xctest */ = {isa = PBXFileReference; explicitFileType = wrapper.cfbundle; includeInIndex = 0; path = MailboxTests.xctest; sourceTree = BUILT_PRODUCTS_DIR; };
		E27CAF6D1D7DF5DC00060697 /* MailboxTests.swift */ = {isa = PBXFileReference; lastKnownFileType = sourcecode.swift; path = MailboxTests.swift; sourceTree = "<group>"; };
		E27CAF6F1D7DF5DC00060697 /* Info.plist */ = {isa = PBXFileReference; lastKnownFileType = text.plist.xml; path = Info.plist; sourceTree = "<group>"; };
		E27CAF741D7DF5DC00060697 /* MailboxUITests.xctest */ = {isa = PBXFileReference; explicitFileType = wrapper.cfbundle; includeInIndex = 0; path = MailboxUITests.xctest; sourceTree = BUILT_PRODUCTS_DIR; };
		E27CAF781D7DF5DC00060697 /* MailboxUITests.swift */ = {isa = PBXFileReference; lastKnownFileType = sourcecode.swift; path = MailboxUITests.swift; sourceTree = "<group>"; };
		E27CAF7A1D7DF5DC00060697 /* Info.plist */ = {isa = PBXFileReference; lastKnownFileType = text.plist.xml; path = Info.plist; sourceTree = "<group>"; };
		E2EE3E191D7E0C4B00247C44 /* Common.swift */ = {isa = PBXFileReference; fileEncoding = 4; lastKnownFileType = sourcecode.swift; path = Common.swift; sourceTree = "<group>"; };
		E2EE3E1B1D7E583E00247C44 /* RescheduleViewController.swift */ = {isa = PBXFileReference; fileEncoding = 4; lastKnownFileType = sourcecode.swift; path = RescheduleViewController.swift; sourceTree = "<group>"; };
		E2EE3E1D1D7E5C6B00247C44 /* LaterViewController.swift */ = {isa = PBXFileReference; fileEncoding = 4; lastKnownFileType = sourcecode.swift; path = LaterViewController.swift; sourceTree = "<group>"; };
/* End PBXFileReference section */

/* Begin PBXFrameworksBuildPhase section */
		E27CAF521D7DF5DC00060697 /* Frameworks */ = {
			isa = PBXFrameworksBuildPhase;
			buildActionMask = 2147483647;
			files = (
			);
			runOnlyForDeploymentPostprocessing = 0;
		};
		E27CAF661D7DF5DC00060697 /* Frameworks */ = {
			isa = PBXFrameworksBuildPhase;
			buildActionMask = 2147483647;
			files = (
			);
			runOnlyForDeploymentPostprocessing = 0;
		};
		E27CAF711D7DF5DC00060697 /* Frameworks */ = {
			isa = PBXFrameworksBuildPhase;
			buildActionMask = 2147483647;
			files = (
			);
			runOnlyForDeploymentPostprocessing = 0;
		};
/* End PBXFrameworksBuildPhase section */

/* Begin PBXGroup section */
		E27CAF4C1D7DF5DC00060697 = {
			isa = PBXGroup;
			children = (
				E2EE3E1D1D7E5C6B00247C44 /* LaterViewController.swift */,
				E2EE3E1B1D7E583E00247C44 /* RescheduleViewController.swift */,
				E27CAF571D7DF5DC00060697 /* Mailbox */,
				E27CAF6C1D7DF5DC00060697 /* MailboxTests */,
				E27CAF771D7DF5DC00060697 /* MailboxUITests */,
				E27CAF561D7DF5DC00060697 /* Products */,
			);
			sourceTree = "<group>";
		};
		E27CAF561D7DF5DC00060697 /* Products */ = {
			isa = PBXGroup;
			children = (
				E27CAF551D7DF5DC00060697 /* Mailbox.app */,
				E27CAF691D7DF5DC00060697 /* MailboxTests.xctest */,
				E27CAF741D7DF5DC00060697 /* MailboxUITests.xctest */,
			);
			name = Products;
			sourceTree = "<group>";
		};
		E27CAF571D7DF5DC00060697 /* Mailbox */ = {
			isa = PBXGroup;
			children = (
				E27CAF581D7DF5DC00060697 /* AppDelegate.swift */,
				E27CAF5A1D7DF5DC00060697 /* ViewController.swift */,
				E27CAF5C1D7DF5DC00060697 /* Main.storyboard */,
				E27CAF5F1D7DF5DC00060697 /* Assets.xcassets */,
				E27CAF611D7DF5DC00060697 /* LaunchScreen.storyboard */,
				E27CAF641D7DF5DC00060697 /* Info.plist */,
				E2EE3E191D7E0C4B00247C44 /* Common.swift */,
			);
			path = Mailbox;
			sourceTree = "<group>";
		};
		E27CAF6C1D7DF5DC00060697 /* MailboxTests */ = {
			isa = PBXGroup;
			children = (
				E27CAF6D1D7DF5DC00060697 /* MailboxTests.swift */,
				E27CAF6F1D7DF5DC00060697 /* Info.plist */,
			);
			path = MailboxTests;
			sourceTree = "<group>";
		};
		E27CAF771D7DF5DC00060697 /* MailboxUITests */ = {
			isa = PBXGroup;
			children = (
				E27CAF781D7DF5DC00060697 /* MailboxUITests.swift */,
				E27CAF7A1D7DF5DC00060697 /* Info.plist */,
			);
			path = MailboxUITests;
			sourceTree = "<group>";
		};
/* End PBXGroup section */

/* Begin PBXNativeTarget section */
		E27CAF541D7DF5DC00060697 /* Mailbox */ = {
			isa = PBXNativeTarget;
			buildConfigurationList = E27CAF7D1D7DF5DC00060697 /* Build configuration list for PBXNativeTarget "Mailbox" */;
			buildPhases = (
				E27CAF511D7DF5DC00060697 /* Sources */,
				E27CAF521D7DF5DC00060697 /* Frameworks */,
				E27CAF531D7DF5DC00060697 /* Resources */,
			);
			buildRules = (
			);
			dependencies = (
			);
			name = Mailbox;
			productName = Mailbox;
			productReference = E27CAF551D7DF5DC00060697 /* Mailbox.app */;
			productType = "com.apple.product-type.application";
		};
		E27CAF681D7DF5DC00060697 /* MailboxTests */ = {
			isa = PBXNativeTarget;
			buildConfigurationList = E27CAF801D7DF5DC00060697 /* Build configuration list for PBXNativeTarget "MailboxTests" */;
			buildPhases = (
				E27CAF651D7DF5DC00060697 /* Sources */,
				E27CAF661D7DF5DC00060697 /* Frameworks */,
				E27CAF671D7DF5DC00060697 /* Resources */,
			);
			buildRules = (
			);
			dependencies = (
				E27CAF6B1D7DF5DC00060697 /* PBXTargetDependency */,
			);
			name = MailboxTests;
			productName = MailboxTests;
			productReference = E27CAF691D7DF5DC00060697 /* MailboxTests.xctest */;
			productType = "com.apple.product-type.bundle.unit-test";
		};
		E27CAF731D7DF5DC00060697 /* MailboxUITests */ = {
			isa = PBXNativeTarget;
			buildConfigurationList = E27CAF831D7DF5DC00060697 /* Build configuration list for PBXNativeTarget "MailboxUITests" */;
			buildPhases = (
				E27CAF701D7DF5DC00060697 /* Sources */,
				E27CAF711D7DF5DC00060697 /* Frameworks */,
				E27CAF721D7DF5DC00060697 /* Resources */,
			);
			buildRules = (
			);
			dependencies = (
				E27CAF761D7DF5DC00060697 /* PBXTargetDependency */,
			);
			name = MailboxUITests;
			productName = MailboxUITests;
			productReference = E27CAF741D7DF5DC00060697 /* MailboxUITests.xctest */;
			productType = "com.apple.product-type.bundle.ui-testing";
		};
/* End PBXNativeTarget section */

/* Begin PBXProject section */
		E27CAF4D1D7DF5DC00060697 /* Project object */ = {
			isa = PBXProject;
			attributes = {
				LastSwiftUpdateCheck = 0730;
				LastUpgradeCheck = 0730;
				ORGANIZATIONNAME = "Kelly II, Richard W.";
				TargetAttributes = {
					E27CAF541D7DF5DC00060697 = {
						CreatedOnToolsVersion = 7.3.1;
					};
					E27CAF681D7DF5DC00060697 = {
						CreatedOnToolsVersion = 7.3.1;
						TestTargetID = E27CAF541D7DF5DC00060697;
					};
					E27CAF731D7DF5DC00060697 = {
						CreatedOnToolsVersion = 7.3.1;
						TestTargetID = E27CAF541D7DF5DC00060697;
					};
				};
			};
			buildConfigurationList = E27CAF501D7DF5DC00060697 /* Build configuration list for PBXProject "Mailbox" */;
			compatibilityVersion = "Xcode 3.2";
			developmentRegion = English;
			hasScannedForEncodings = 0;
			knownRegions = (
				en,
				Base,
			);
			mainGroup = E27CAF4C1D7DF5DC00060697;
			productRefGroup = E27CAF561D7DF5DC00060697 /* Products */;
			projectDirPath = "";
			projectRoot = "";
			targets = (
				E27CAF541D7DF5DC00060697 /* Mailbox */,
				E27CAF681D7DF5DC00060697 /* MailboxTests */,
				E27CAF731D7DF5DC00060697 /* MailboxUITests */,
			);
		};
/* End PBXProject section */

/* Begin PBXResourcesBuildPhase section */
		E27CAF531D7DF5DC00060697 /* Resources */ = {
			isa = PBXResourcesBuildPhase;
			buildActionMask = 2147483647;
			files = (
				E27CAF631D7DF5DC00060697 /* LaunchScreen.storyboard in Resources */,
				E27CAF601D7DF5DC00060697 /* Assets.xcassets in Resources */,
				E27CAF5E1D7DF5DC00060697 /* Main.storyboard in Resources */,
			);
			runOnlyForDeploymentPostprocessing = 0;
		};
		E27CAF671D7DF5DC00060697 /* Resources */ = {
			isa = PBXResourcesBuildPhase;
			buildActionMask = 2147483647;
			files = (
			);
			runOnlyForDeploymentPostprocessing = 0;
		};
		E27CAF721D7DF5DC00060697 /* Resources */ = {
			isa = PBXResourcesBuildPhase;
			buildActionMask = 2147483647;
			files = (
			);
			runOnlyForDeploymentPostprocessing = 0;
		};
/* End PBXResourcesBuildPhase section */

/* Begin PBXSourcesBuildPhase section */
		E27CAF511D7DF5DC00060697 /* Sources */ = {
			isa = PBXSourcesBuildPhase;
			buildActionMask = 2147483647;
			files = (
				E2EE3E1C1D7E583E00247C44 /* RescheduleViewController.swift in Sources */,
				E27CAF5B1D7DF5DC00060697 /* ViewController.swift in Sources */,
				E2EE3E1A1D7E0C4B00247C44 /* Common.swift in Sources */,
				E2EE3E1E1D7E5C6B00247C44 /* LaterViewController.swift in Sources */,
				E27CAF591D7DF5DC00060697 /* AppDelegate.swift in Sources */,
			);
			runOnlyForDeploymentPostprocessing = 0;
		};
		E27CAF651D7DF5DC00060697 /* Sources */ = {
			isa = PBXSourcesBuildPhase;
			buildActionMask = 2147483647;
			files = (
				E27CAF6E1D7DF5DC00060697 /* MailboxTests.swift in Sources */,
			);
			runOnlyForDeploymentPostprocessing = 0;
		};
		E27CAF701D7DF5DC00060697 /* Sources */ = {
			isa = PBXSourcesBuildPhase;
			buildActionMask = 2147483647;
			files = (
				E27CAF791D7DF5DC00060697 /* MailboxUITests.swift in Sources */,
			);
			runOnlyForDeploymentPostprocessing = 0;
		};
/* End PBXSourcesBuildPhase section */

/* Begin PBXTargetDependency section */
		E27CAF6B1D7DF5DC00060697 /* PBXTargetDependency */ = {
			isa = PBXTargetDependency;
			target = E27CAF541D7DF5DC00060697 /* Mailbox */;
			targetProxy = E27CAF6A1D7DF5DC00060697 /* PBXContainerItemProxy */;
		};
		E27CAF761D7DF5DC00060697 /* PBXTargetDependency */ = {
			isa = PBXTargetDependency;
			target = E27CAF541D7DF5DC00060697 /* Mailbox */;
			targetProxy = E27CAF751D7DF5DC00060697 /* PBXContainerItemProxy */;
		};
/* End PBXTargetDependency section */

/* Begin PBXVariantGroup section */
		E27CAF5C1D7DF5DC00060697 /* Main.storyboard */ = {
			isa = PBXVariantGroup;
			children = (
				E27CAF5D1D7DF5DC00060697 /* Base */,
			);
			name = Main.storyboard;
			sourceTree = "<group>";
		};
		E27CAF611D7DF5DC00060697 /* LaunchScreen.storyboard */ = {
			isa = PBXVariantGroup;
			children = (
				E27CAF621D7DF5DC00060697 /* Base */,
			);
			name = LaunchScreen.storyboard;
			sourceTree = "<group>";
		};
/* End PBXVariantGroup section */

/* Begin XCBuildConfiguration section */
		E27CAF7B1D7DF5DC00060697 /* Debug */ = {
			isa = XCBuildConfiguration;
			buildSettings = {
				ALWAYS_SEARCH_USER_PATHS = NO;
				CLANG_ANALYZER_NONNULL = YES;
				CLANG_CXX_LANGUAGE_STANDARD = "gnu++0x";
				CLANG_CXX_LIBRARY = "libc++";
				CLANG_ENABLE_MODULES = YES;
				CLANG_ENABLE_OBJC_ARC = YES;
				CLANG_WARN_BOOL_CONVERSION = YES;
				CLANG_WARN_CONSTANT_CONVERSION = YES;
				CLANG_WARN_DIRECT_OBJC_ISA_USAGE = YES_ERROR;
				CLANG_WARN_EMPTY_BODY = YES;
				CLANG_WARN_ENUM_CONVERSION = YES;
				CLANG_WARN_INT_CONVERSION = YES;
				CLANG_WARN_OBJC_ROOT_CLASS = YES_ERROR;
				CLANG_WARN_UNREACHABLE_CODE = YES;
				CLANG_WARN__DUPLICATE_METHOD_MATCH = YES;
				"CODE_SIGN_IDENTITY[sdk=iphoneos*]" = "iPhone Developer";
				COPY_PHASE_STRIP = NO;
				DEBUG_INFORMATION_FORMAT = dwarf;
				ENABLE_STRICT_OBJC_MSGSEND = YES;
				ENABLE_TESTABILITY = YES;
				GCC_C_LANGUAGE_STANDARD = gnu99;
				GCC_DYNAMIC_NO_PIC = NO;
				GCC_NO_COMMON_BLOCKS = YES;
				GCC_OPTIMIZATION_LEVEL = 0;
				GCC_PREPROCESSOR_DEFINITIONS = (
					"DEBUG=1",
					"$(inherited)",
				);
				GCC_WARN_64_TO_32_BIT_CONVERSION = YES;
				GCC_WARN_ABOUT_RETURN_TYPE = YES_ERROR;
				GCC_WARN_UNDECLARED_SELECTOR = YES;
				GCC_WARN_UNINITIALIZED_AUTOS = YES_AGGRESSIVE;
				GCC_WARN_UNUSED_FUNCTION = YES;
				GCC_WARN_UNUSED_VARIABLE = YES;
				IPHONEOS_DEPLOYMENT_TARGET = 9.3;
				MTL_ENABLE_DEBUG_INFO = YES;
				ONLY_ACTIVE_ARCH = YES;
				SDKROOT = iphoneos;
				SWIFT_OPTIMIZATION_LEVEL = "-Onone";
			};
			name = Debug;
		};
		E27CAF7C1D7DF5DC00060697 /* Release */ = {
			isa = XCBuildConfiguration;
			buildSettings = {
				ALWAYS_SEARCH_USER_PATHS = NO;
				CLANG_ANALYZER_NONNULL = YES;
				CLANG_CXX_LANGUAGE_STANDARD = "gnu++0x";
				CLANG_CXX_LIBRARY = "libc++";
				CLANG_ENABLE_MODULES = YES;
				CLANG_ENABLE_OBJC_ARC = YES;
				CLANG_WARN_BOOL_CONVERSION = YES;
				CLANG_WARN_CONSTANT_CONVERSION = YES;
				CLANG_WARN_DIRECT_OBJC_ISA_USAGE = YES_ERROR;
				CLANG_WARN_EMPTY_BODY = YES;
				CLANG_WARN_ENUM_CONVERSION = YES;
				CLANG_WARN_INT_CONVERSION = YES;
				CLANG_WARN_OBJC_ROOT_CLASS = YES_ERROR;
				CLANG_WARN_UNREACHABLE_CODE = YES;
				CLANG_WARN__DUPLICATE_METHOD_MATCH = YES;
				"CODE_SIGN_IDENTITY[sdk=iphoneos*]" = "iPhone Developer";
				COPY_PHASE_STRIP = NO;
				DEBUG_INFORMATION_FORMAT = "dwarf-with-dsym";
				ENABLE_NS_ASSERTIONS = NO;
				ENABLE_STRICT_OBJC_MSGSEND = YES;
				GCC_C_LANGUAGE_STANDARD = gnu99;
				GCC_NO_COMMON_BLOCKS = YES;
				GCC_WARN_64_TO_32_BIT_CONVERSION = YES;
				GCC_WARN_ABOUT_RETURN_TYPE = YES_ERROR;
				GCC_WARN_UNDECLARED_SELECTOR = YES;
				GCC_WARN_UNINITIALIZED_AUTOS = YES_AGGRESSIVE;
				GCC_WARN_UNUSED_FUNCTION = YES;
				GCC_WARN_UNUSED_VARIABLE = YES;
				IPHONEOS_DEPLOYMENT_TARGET = 9.3;
				MTL_ENABLE_DEBUG_INFO = NO;
				SDKROOT = iphoneos;
				VALIDATE_PRODUCT = YES;
			};
			name = Release;
		};
		E27CAF7E1D7DF5DC00060697 /* Debug */ = {
			isa = XCBuildConfiguration;
			buildSettings = {
				ASSETCATALOG_COMPILER_APPICON_NAME = AppIcon;
				INFOPLIST_FILE = Mailbox/Info.plist;
				LD_RUNPATH_SEARCH_PATHS = "$(inherited) @executable_path/Frameworks";
				PRODUCT_BUNDLE_IDENTIFIER = com.codepath.Mailbox;
				PRODUCT_NAME = "$(TARGET_NAME)";
			};
			name = Debug;
		};
		E27CAF7F1D7DF5DC00060697 /* Release */ = {
			isa = XCBuildConfiguration;
			buildSettings = {
				ASSETCATALOG_COMPILER_APPICON_NAME = AppIcon;
				INFOPLIST_FILE = Mailbox/Info.plist;
				LD_RUNPATH_SEARCH_PATHS = "$(inherited) @executable_path/Frameworks";
				PRODUCT_BUNDLE_IDENTIFIER = com.codepath.Mailbox;
				PRODUCT_NAME = "$(TARGET_NAME)";
			};
			name = Release;
		};
		E27CAF811D7DF5DC00060697 /* Debug */ = {
			isa = XCBuildConfiguration;
			buildSettings = {
				BUNDLE_LOADER = "$(TEST_HOST)";
				INFOPLIST_FILE = MailboxTests/Info.plist;
				LD_RUNPATH_SEARCH_PATHS = "$(inherited) @executable_path/Frameworks @loader_path/Frameworks";
				PRODUCT_BUNDLE_IDENTIFIER = com.codepath.MailboxTests;
				PRODUCT_NAME = "$(TARGET_NAME)";
				TEST_HOST = "$(BUILT_PRODUCTS_DIR)/Mailbox.app/Mailbox";
			};
			name = Debug;
		};
		E27CAF821D7DF5DC00060697 /* Release */ = {
			isa = XCBuildConfiguration;
			buildSettings = {
				BUNDLE_LOADER = "$(TEST_HOST)";
				INFOPLIST_FILE = MailboxTests/Info.plist;
				LD_RUNPATH_SEARCH_PATHS = "$(inherited) @executable_path/Frameworks @loader_path/Frameworks";
				PRODUCT_BUNDLE_IDENTIFIER = com.codepath.MailboxTests;
				PRODUCT_NAME = "$(TARGET_NAME)";
				TEST_HOST = "$(BUILT_PRODUCTS_DIR)/Mailbox.app/Mailbox";
			};
			name = Release;
		};
		E27CAF841D7DF5DC00060697 /* Debug */ = {
			isa = XCBuildConfiguration;
			buildSettings = {
				INFOPLIST_FILE = MailboxUITests/Info.plist;
				LD_RUNPATH_SEARCH_PATHS = "$(inherited) @executable_path/Frameworks @loader_path/Frameworks";
				PRODUCT_BUNDLE_IDENTIFIER = com.codepath.MailboxUITests;
				PRODUCT_NAME = "$(TARGET_NAME)";
				TEST_TARGET_NAME = Mailbox;
			};
			name = Debug;
		};
		E27CAF851D7DF5DC00060697 /* Release */ = {
			isa = XCBuildConfiguration;
			buildSettings = {
				INFOPLIST_FILE = MailboxUITests/Info.plist;
				LD_RUNPATH_SEARCH_PATHS = "$(inherited) @executable_path/Frameworks @loader_path/Frameworks";
				PRODUCT_BUNDLE_IDENTIFIER = com.codepath.MailboxUITests;
				PRODUCT_NAME = "$(TARGET_NAME)";
				TEST_TARGET_NAME = Mailbox;
			};
			name = Release;
		};
/* End XCBuildConfiguration section */

/* Begin XCConfigurationList section */
		E27CAF501D7DF5DC00060697 /* Build configuration list for PBXProject "Mailbox" */ = {
			isa = XCConfigurationList;
			buildConfigurations = (
				E27CAF7B1D7DF5DC00060697 /* Debug */,
				E27CAF7C1D7DF5DC00060697 /* Release */,
			);
			defaultConfigurationIsVisible = 0;
			defaultConfigurationName = Release;
		};
		E27CAF7D1D7DF5DC00060697 /* Build configuration list for PBXNativeTarget "Mailbox" */ = {
			isa = XCConfigurationList;
			buildConfigurations = (
				E27CAF7E1D7DF5DC00060697 /* Debug */,
				E27CAF7F1D7DF5DC00060697 /* Release */,
			);
			defaultConfigurationIsVisible = 0;
			defaultConfigurationName = Release;
		};
		E27CAF801D7DF5DC00060697 /* Build configuration list for PBXNativeTarget "MailboxTests" */ = {
			isa = XCConfigurationList;
			buildConfigurations = (
				E27CAF811D7DF5DC00060697 /* Debug */,
				E27CAF821D7DF5DC00060697 /* Release */,
			);
			defaultConfigurationIsVisible = 0;
			defaultConfigurationName = Release;
		};
		E27CAF831D7DF5DC00060697 /* Build configuration list for PBXNativeTarget "MailboxUITests" */ = {
			isa = XCConfigurationList;
			buildConfigurations = (
				E27CAF841D7DF5DC00060697 /* Debug */,
				E27CAF851D7DF5DC00060697 /* Release */,
			);
			defaultConfigurationIsVisible = 0;
			defaultConfigurationName = Release;
		};
/* End XCConfigurationList section */
	};
	rootObject = E27CAF4D1D7DF5DC00060697 /* Project object */;
}
